// !$*UTF8*$!
{
	archiveVersion = 1;
	classes = {
	};
	objectVersion = 46;
	objects = {

/* Begin PBXBuildFile section */
		F74A3B841AB2508A00FF3FBF /* ChaptersViewController.swift in Sources */ = {isa = PBXBuildFile; fileRef = F74A3B831AB2508A00FF3FBF /* ChaptersViewController.swift */; };
		F74A3B861AB2891200FF3FBF /* ChapterDetailViewController.swift in Sources */ = {isa = PBXBuildFile; fileRef = F74A3B851AB2891200FF3FBF /* ChapterDetailViewController.swift */; };
		F763F6041AAF5DC500C9D0E4 /* AudioToolbox.framework in Frameworks */ = {isa = PBXBuildFile; fileRef = F78D78971AAF529F008B362B /* AudioToolbox.framework */; };
		F763F6051AAF5DCE00C9D0E4 /* CFNetwork.framework in Frameworks */ = {isa = PBXBuildFile; fileRef = F78D78991AAF52A9008B362B /* CFNetwork.framework */; };
		F763F6061AAF5DD800C9D0E4 /* CoreGraphics.framework in Frameworks */ = {isa = PBXBuildFile; fileRef = F78D789B1AAF52B4008B362B /* CoreGraphics.framework */; };
		F763F6071AAF5DE300C9D0E4 /* CoreLocation.framework in Frameworks */ = {isa = PBXBuildFile; fileRef = F78D789D1AAF52C7008B362B /* CoreLocation.framework */; };
		F763F6081AAF5DEC00C9D0E4 /* MobileCoreServices.framework in Frameworks */ = {isa = PBXBuildFile; fileRef = F78D789F1AAF52DD008B362B /* MobileCoreServices.framework */; };
		F763F6091AAF5DF700C9D0E4 /* QuartzCore.framework in Frameworks */ = {isa = PBXBuildFile; fileRef = F78D78A11AAF52F3008B362B /* QuartzCore.framework */; };
		F763F60A1AAF5E0000C9D0E4 /* Security.framework in Frameworks */ = {isa = PBXBuildFile; fileRef = F78D78A31AAF52FF008B362B /* Security.framework */; };
		F763F60B1AAF5E0800C9D0E4 /* StoreKit.framework in Frameworks */ = {isa = PBXBuildFile; fileRef = F78D78A51AAF5309008B362B /* StoreKit.framework */; };
		F763F60C1AAF5E1100C9D0E4 /* SystemConfiguration.framework in Frameworks */ = {isa = PBXBuildFile; fileRef = F78D78A71AAF531B008B362B /* SystemConfiguration.framework */; };
		F763F60D1AAF5E1F00C9D0E4 /* libz.dylib in Frameworks */ = {isa = PBXBuildFile; fileRef = F78D78A91AAF532A008B362B /* libz.dylib */; };
		F763F60E1AAF5E2900C9D0E4 /* libsqlite3.dylib in Frameworks */ = {isa = PBXBuildFile; fileRef = F78D78AB1AAF5339008B362B /* libsqlite3.dylib */; };
		F763F6141AAF5E5500C9D0E4 /* Bolts.framework in Frameworks */ = {isa = PBXBuildFile; fileRef = F763F60F1AAF5E5500C9D0E4 /* Bolts.framework */; };
		F763F6151AAF5E5500C9D0E4 /* Parse.framework in Frameworks */ = {isa = PBXBuildFile; fileRef = F763F6101AAF5E5500C9D0E4 /* Parse.framework */; };
		F763F6161AAF5E5500C9D0E4 /* ParseCrashReporting.framework in Frameworks */ = {isa = PBXBuildFile; fileRef = F763F6111AAF5E5500C9D0E4 /* ParseCrashReporting.framework */; };
		F763F6171AAF5E5500C9D0E4 /* ParseFacebookUtils.framework in Frameworks */ = {isa = PBXBuildFile; fileRef = F763F6121AAF5E5500C9D0E4 /* ParseFacebookUtils.framework */; };
		F763F6181AAF5E5500C9D0E4 /* ParseUI.framework in Frameworks */ = {isa = PBXBuildFile; fileRef = F763F6131AAF5E5500C9D0E4 /* ParseUI.framework */; };
		F763F61B1AAF649200C9D0E4 /* TableViewController.swift in Sources */ = {isa = PBXBuildFile; fileRef = F763F61A1AAF649200C9D0E4 /* TableViewController.swift */; };
		F78D78761AAE29C5008B362B /* AppDelegate.swift in Sources */ = {isa = PBXBuildFile; fileRef = F78D78751AAE29C5008B362B /* AppDelegate.swift */; };
		F78D78781AAE29C5008B362B /* ViewController.swift in Sources */ = {isa = PBXBuildFile; fileRef = F78D78771AAE29C5008B362B /* ViewController.swift */; };
		F78D787B1AAE29C5008B362B /* Main.storyboard in Resources */ = {isa = PBXBuildFile; fileRef = F78D78791AAE29C5008B362B /* Main.storyboard */; };
		F78D787D1AAE29C5008B362B /* Images.xcassets in Resources */ = {isa = PBXBuildFile; fileRef = F78D787C1AAE29C5008B362B /* Images.xcassets */; };
		F78D78801AAE29C5008B362B /* LaunchScreen.xib in Resources */ = {isa = PBXBuildFile; fileRef = F78D787E1AAE29C5008B362B /* LaunchScreen.xib */; };
		F78D788C1AAE29C5008B362B /* MyNSAChapterTests.swift in Sources */ = {isa = PBXBuildFile; fileRef = F78D788B1AAE29C5008B362B /* MyNSAChapterTests.swift */; };
		F7E005FC1AB50BC9008A3445 /* centralSouth.png in Resources */ = {isa = PBXBuildFile; fileRef = F7E005FB1AB50BC9008A3445 /* centralSouth.png */; };
		F7EB5A291AAFBFFC003A847E /* StateViewController.swift in Sources */ = {isa = PBXBuildFile; fileRef = F7EB5A281AAFBFFC003A847E /* StateViewController.swift */; };
/* End PBXBuildFile section */

/* Begin PBXContainerItemProxy section */
		F78D78861AAE29C5008B362B /* PBXContainerItemProxy */ = {
			isa = PBXContainerItemProxy;
			containerPortal = F78D78681AAE29C5008B362B /* Project object */;
			proxyType = 1;
			remoteGlobalIDString = F78D786F1AAE29C5008B362B;
			remoteInfo = MyNSAChapter;
		};
/* End PBXContainerItemProxy section */

/* Begin PBXFileReference section */
		F74A3B831AB2508A00FF3FBF /* ChaptersViewController.swift */ = {isa = PBXFileReference; fileEncoding = 4; lastKnownFileType = sourcecode.swift; path = ChaptersViewController.swift; sourceTree = "<group>"; };
		F74A3B851AB2891200FF3FBF /* ChapterDetailViewController.swift */ = {isa = PBXFileReference; fileEncoding = 4; lastKnownFileType = sourcecode.swift; name = ChapterDetailViewController.swift; path = ../ChapterDetailViewController.swift; sourceTree = "<group>"; };
		F763F60F1AAF5E5500C9D0E4 /* Bolts.framework */ = {isa = PBXFileReference; lastKnownFileType = wrapper.framework; path = Bolts.framework; sourceTree = "<group>"; };
		F763F6101AAF5E5500C9D0E4 /* Parse.framework */ = {isa = PBXFileReference; lastKnownFileType = wrapper.framework; path = Parse.framework; sourceTree = "<group>"; };
		F763F6111AAF5E5500C9D0E4 /* ParseCrashReporting.framework */ = {isa = PBXFileReference; lastKnownFileType = wrapper.framework; path = ParseCrashReporting.framework; sourceTree = "<group>"; };
		F763F6121AAF5E5500C9D0E4 /* ParseFacebookUtils.framework */ = {isa = PBXFileReference; lastKnownFileType = wrapper.framework; path = ParseFacebookUtils.framework; sourceTree = "<group>"; };
		F763F6131AAF5E5500C9D0E4 /* ParseUI.framework */ = {isa = PBXFileReference; lastKnownFileType = wrapper.framework; path = ParseUI.framework; sourceTree = "<group>"; };
		F763F6191AAF5EA300C9D0E4 /* MyNSAChapter-Bridging-Header.h */ = {isa = PBXFileReference; lastKnownFileType = sourcecode.c.h; name = "MyNSAChapter-Bridging-Header.h"; path = "MyNSAChapter/MyNSAChapter-Bridging-Header.h"; sourceTree = "<group>"; };
		F763F61A1AAF649200C9D0E4 /* TableViewController.swift */ = {isa = PBXFileReference; fileEncoding = 4; lastKnownFileType = sourcecode.swift; path = TableViewController.swift; sourceTree = "<group>"; };
		F78D78701AAE29C5008B362B /* MyNSAChapter.app */ = {isa = PBXFileReference; explicitFileType = wrapper.application; includeInIndex = 0; path = MyNSAChapter.app; sourceTree = BUILT_PRODUCTS_DIR; };
		F78D78741AAE29C5008B362B /* Info.plist */ = {isa = PBXFileReference; lastKnownFileType = text.plist.xml; path = Info.plist; sourceTree = "<group>"; };
		F78D78751AAE29C5008B362B /* AppDelegate.swift */ = {isa = PBXFileReference; lastKnownFileType = sourcecode.swift; path = AppDelegate.swift; sourceTree = "<group>"; };
		F78D78771AAE29C5008B362B /* ViewController.swift */ = {isa = PBXFileReference; lastKnownFileType = sourcecode.swift; path = ViewController.swift; sourceTree = "<group>"; };
		F78D787A1AAE29C5008B362B /* Base */ = {isa = PBXFileReference; lastKnownFileType = file.storyboard; name = Base; path = Base.lproj/Main.storyboard; sourceTree = "<group>"; };
		F78D787C1AAE29C5008B362B /* Images.xcassets */ = {isa = PBXFileReference; lastKnownFileType = folder.assetcatalog; path = Images.xcassets; sourceTree = "<group>"; };
		F78D787F1AAE29C5008B362B /* Base */ = {isa = PBXFileReference; lastKnownFileType = file.xib; name = Base; path = Base.lproj/LaunchScreen.xib; sourceTree = "<group>"; };
		F78D78851AAE29C5008B362B /* MyNSAChapterTests.xctest */ = {isa = PBXFileReference; explicitFileType = wrapper.cfbundle; includeInIndex = 0; path = MyNSAChapterTests.xctest; sourceTree = BUILT_PRODUCTS_DIR; };
		F78D788A1AAE29C5008B362B /* Info.plist */ = {isa = PBXFileReference; lastKnownFileType = text.plist.xml; path = Info.plist; sourceTree = "<group>"; };
		F78D788B1AAE29C5008B362B /* MyNSAChapterTests.swift */ = {isa = PBXFileReference; lastKnownFileType = sourcecode.swift; path = MyNSAChapterTests.swift; sourceTree = "<group>"; };
		F78D78971AAF529F008B362B /* AudioToolbox.framework */ = {isa = PBXFileReference; lastKnownFileType = wrapper.framework; name = AudioToolbox.framework; path = System/Library/Frameworks/AudioToolbox.framework; sourceTree = SDKROOT; };
		F78D78991AAF52A9008B362B /* CFNetwork.framework */ = {isa = PBXFileReference; lastKnownFileType = wrapper.framework; name = CFNetwork.framework; path = System/Library/Frameworks/CFNetwork.framework; sourceTree = SDKROOT; };
		F78D789B1AAF52B4008B362B /* CoreGraphics.framework */ = {isa = PBXFileReference; lastKnownFileType = wrapper.framework; name = CoreGraphics.framework; path = System/Library/Frameworks/CoreGraphics.framework; sourceTree = SDKROOT; };
		F78D789D1AAF52C7008B362B /* CoreLocation.framework */ = {isa = PBXFileReference; lastKnownFileType = wrapper.framework; name = CoreLocation.framework; path = System/Library/Frameworks/CoreLocation.framework; sourceTree = SDKROOT; };
		F78D789F1AAF52DD008B362B /* MobileCoreServices.framework */ = {isa = PBXFileReference; lastKnownFileType = wrapper.framework; name = MobileCoreServices.framework; path = System/Library/Frameworks/MobileCoreServices.framework; sourceTree = SDKROOT; };
		F78D78A11AAF52F3008B362B /* QuartzCore.framework */ = {isa = PBXFileReference; lastKnownFileType = wrapper.framework; name = QuartzCore.framework; path = System/Library/Frameworks/QuartzCore.framework; sourceTree = SDKROOT; };
		F78D78A31AAF52FF008B362B /* Security.framework */ = {isa = PBXFileReference; lastKnownFileType = wrapper.framework; name = Security.framework; path = System/Library/Frameworks/Security.framework; sourceTree = SDKROOT; };
		F78D78A51AAF5309008B362B /* StoreKit.framework */ = {isa = PBXFileReference; lastKnownFileType = wrapper.framework; name = StoreKit.framework; path = System/Library/Frameworks/StoreKit.framework; sourceTree = SDKROOT; };
		F78D78A71AAF531B008B362B /* SystemConfiguration.framework */ = {isa = PBXFileReference; lastKnownFileType = wrapper.framework; name = SystemConfiguration.framework; path = System/Library/Frameworks/SystemConfiguration.framework; sourceTree = SDKROOT; };
		F78D78A91AAF532A008B362B /* libz.dylib */ = {isa = PBXFileReference; lastKnownFileType = "compiled.mach-o.dylib"; name = libz.dylib; path = usr/lib/libz.dylib; sourceTree = SDKROOT; };
		F78D78AB1AAF5339008B362B /* libsqlite3.dylib */ = {isa = PBXFileReference; lastKnownFileType = "compiled.mach-o.dylib"; name = libsqlite3.dylib; path = usr/lib/libsqlite3.dylib; sourceTree = SDKROOT; };
		F7E005FB1AB50BC9008A3445 /* centralSouth.png */ = {isa = PBXFileReference; lastKnownFileType = image.png; path = centralSouth.png; sourceTree = "<group>"; };
		F7EB5A281AAFBFFC003A847E /* StateViewController.swift */ = {isa = PBXFileReference; fileEncoding = 4; lastKnownFileType = sourcecode.swift; path = StateViewController.swift; sourceTree = "<group>"; };
/* End PBXFileReference section */

/* Begin PBXFrameworksBuildPhase section */
		F78D786D1AAE29C5008B362B /* Frameworks */ = {
			isa = PBXFrameworksBuildPhase;
			buildActionMask = 2147483647;
			files = (
				F763F60E1AAF5E2900C9D0E4 /* libsqlite3.dylib in Frameworks */,
				F763F60D1AAF5E1F00C9D0E4 /* libz.dylib in Frameworks */,
				F763F60C1AAF5E1100C9D0E4 /* SystemConfiguration.framework in Frameworks */,
				F763F6141AAF5E5500C9D0E4 /* Bolts.framework in Frameworks */,
				F763F60B1AAF5E0800C9D0E4 /* StoreKit.framework in Frameworks */,
				F763F6161AAF5E5500C9D0E4 /* ParseCrashReporting.framework in Frameworks */,
				F763F6181AAF5E5500C9D0E4 /* ParseUI.framework in Frameworks */,
				F763F60A1AAF5E0000C9D0E4 /* Security.framework in Frameworks */,
				F763F6151AAF5E5500C9D0E4 /* Parse.framework in Frameworks */,
				F763F6171AAF5E5500C9D0E4 /* ParseFacebookUtils.framework in Frameworks */,
				F763F6091AAF5DF700C9D0E4 /* QuartzCore.framework in Frameworks */,
				F763F6081AAF5DEC00C9D0E4 /* MobileCoreServices.framework in Frameworks */,
				F763F6071AAF5DE300C9D0E4 /* CoreLocation.framework in Frameworks */,
				F763F6061AAF5DD800C9D0E4 /* CoreGraphics.framework in Frameworks */,
				F763F6051AAF5DCE00C9D0E4 /* CFNetwork.framework in Frameworks */,
				F763F6041AAF5DC500C9D0E4 /* AudioToolbox.framework in Frameworks */,
			);
			runOnlyForDeploymentPostprocessing = 0;
		};
		F78D78821AAE29C5008B362B /* Frameworks */ = {
			isa = PBXFrameworksBuildPhase;
			buildActionMask = 2147483647;
			files = (
			);
			runOnlyForDeploymentPostprocessing = 0;
		};
/* End PBXFrameworksBuildPhase section */

/* Begin PBXGroup section */
		F78D78671AAE29C5008B362B = {
			isa = PBXGroup;
			children = (
				F763F6191AAF5EA300C9D0E4 /* MyNSAChapter-Bridging-Header.h */,
				F78D78B91AAF56CA008B362B /* Frameworks */,
				F78D78721AAE29C5008B362B /* MyNSAChapter */,
				F78D78881AAE29C5008B362B /* MyNSAChapterTests */,
				F78D78711AAE29C5008B362B /* Products */,
			);
			sourceTree = "<group>";
		};
		F78D78711AAE29C5008B362B /* Products */ = {
			isa = PBXGroup;
			children = (
				F78D78701AAE29C5008B362B /* MyNSAChapter.app */,
				F78D78851AAE29C5008B362B /* MyNSAChapterTests.xctest */,
			);
			name = Products;
			sourceTree = "<group>";
		};
		F78D78721AAE29C5008B362B /* MyNSAChapter */ = {
			isa = PBXGroup;
			children = (
				F78D78751AAE29C5008B362B /* AppDelegate.swift */,
				F78D78771AAE29C5008B362B /* ViewController.swift */,
				F763F61A1AAF649200C9D0E4 /* TableViewController.swift */,
				F7EB5A281AAFBFFC003A847E /* StateViewController.swift */,
				F74A3B831AB2508A00FF3FBF /* ChaptersViewController.swift */,
				F74A3B851AB2891200FF3FBF /* ChapterDetailViewController.swift */,
				F78D78791AAE29C5008B362B /* Main.storyboard */,
				F78D787C1AAE29C5008B362B /* Images.xcassets */,
				F7E005FB1AB50BC9008A3445 /* centralSouth.png */,
				F78D787E1AAE29C5008B362B /* LaunchScreen.xib */,
				F78D78731AAE29C5008B362B /* Supporting Files */,
			);
			path = MyNSAChapter;
			sourceTree = "<group>";
		};
		F78D78731AAE29C5008B362B /* Supporting Files */ = {
			isa = PBXGroup;
			children = (
				F78D78741AAE29C5008B362B /* Info.plist */,
			);
			name = "Supporting Files";
			sourceTree = "<group>";
		};
		F78D78881AAE29C5008B362B /* MyNSAChapterTests */ = {
			isa = PBXGroup;
			children = (
				F78D788B1AAE29C5008B362B /* MyNSAChapterTests.swift */,
				F78D78891AAE29C5008B362B /* Supporting Files */,
			);
			path = MyNSAChapterTests;
			sourceTree = "<group>";
		};
		F78D78891AAE29C5008B362B /* Supporting Files */ = {
			isa = PBXGroup;
			children = (
				F78D788A1AAE29C5008B362B /* Info.plist */,
			);
			name = "Supporting Files";
			sourceTree = "<group>";
		};
		F78D78B91AAF56CA008B362B /* Frameworks */ = {
			isa = PBXGroup;
			children = (
				F763F60F1AAF5E5500C9D0E4 /* Bolts.framework */,
				F763F6101AAF5E5500C9D0E4 /* Parse.framework */,
				F763F6111AAF5E5500C9D0E4 /* ParseCrashReporting.framework */,
				F763F6121AAF5E5500C9D0E4 /* ParseFacebookUtils.framework */,
				F763F6131AAF5E5500C9D0E4 /* ParseUI.framework */,
				F78D78A71AAF531B008B362B /* SystemConfiguration.framework */,
				F78D78A51AAF5309008B362B /* StoreKit.framework */,
				F78D78A31AAF52FF008B362B /* Security.framework */,
				F78D78A11AAF52F3008B362B /* QuartzCore.framework */,
				F78D789F1AAF52DD008B362B /* MobileCoreServices.framework */,
				F78D789D1AAF52C7008B362B /* CoreLocation.framework */,
				F78D789B1AAF52B4008B362B /* CoreGraphics.framework */,
				F78D78991AAF52A9008B362B /* CFNetwork.framework */,
				F78D78971AAF529F008B362B /* AudioToolbox.framework */,
				F78D78AB1AAF5339008B362B /* libsqlite3.dylib */,
				F78D78A91AAF532A008B362B /* libz.dylib */,
			);
			name = Frameworks;
			sourceTree = "<group>";
		};
/* End PBXGroup section */

/* Begin PBXNativeTarget section */
		F78D786F1AAE29C5008B362B /* MyNSAChapter */ = {
			isa = PBXNativeTarget;
			buildConfigurationList = F78D788F1AAE29C5008B362B /* Build configuration list for PBXNativeTarget "MyNSAChapter" */;
			buildPhases = (
				F78D786C1AAE29C5008B362B /* Sources */,
				F78D786D1AAE29C5008B362B /* Frameworks */,
				F78D786E1AAE29C5008B362B /* Resources */,
			);
			buildRules = (
			);
			dependencies = (
			);
			name = MyNSAChapter;
			productName = MyNSAChapter;
			productReference = F78D78701AAE29C5008B362B /* MyNSAChapter.app */;
			productType = "com.apple.product-type.application";
		};
		F78D78841AAE29C5008B362B /* MyNSAChapterTests */ = {
			isa = PBXNativeTarget;
			buildConfigurationList = F78D78921AAE29C5008B362B /* Build configuration list for PBXNativeTarget "MyNSAChapterTests" */;
			buildPhases = (
				F78D78811AAE29C5008B362B /* Sources */,
				F78D78821AAE29C5008B362B /* Frameworks */,
				F78D78831AAE29C5008B362B /* Resources */,
			);
			buildRules = (
			);
			dependencies = (
				F78D78871AAE29C5008B362B /* PBXTargetDependency */,
			);
			name = MyNSAChapterTests;
			productName = MyNSAChapterTests;
			productReference = F78D78851AAE29C5008B362B /* MyNSAChapterTests.xctest */;
			productType = "com.apple.product-type.bundle.unit-test";
		};
/* End PBXNativeTarget section */

/* Begin PBXProject section */
		F78D78681AAE29C5008B362B /* Project object */ = {
			isa = PBXProject;
			attributes = {
				LastUpgradeCheck = 0610;
				ORGANIZATIONNAME = "Stavros Ladeas";
				TargetAttributes = {
					F78D786F1AAE29C5008B362B = {
						CreatedOnToolsVersion = 6.1.1;
						DevelopmentTeam = 2GTSUS36LT;
					};
					F78D78841AAE29C5008B362B = {
						CreatedOnToolsVersion = 6.1.1;
						TestTargetID = F78D786F1AAE29C5008B362B;
					};
				};
			};
			buildConfigurationList = F78D786B1AAE29C5008B362B /* Build configuration list for PBXProject "MyNSAChapter" */;
			compatibilityVersion = "Xcode 3.2";
			developmentRegion = English;
			hasScannedForEncodings = 0;
			knownRegions = (
				en,
				Base,
			);
			mainGroup = F78D78671AAE29C5008B362B;
			productRefGroup = F78D78711AAE29C5008B362B /* Products */;
			projectDirPath = "";
			projectRoot = "";
			targets = (
				F78D786F1AAE29C5008B362B /* MyNSAChapter */,
				F78D78841AAE29C5008B362B /* MyNSAChapterTests */,
			);
		};
/* End PBXProject section */

/* Begin PBXResourcesBuildPhase section */
		F78D786E1AAE29C5008B362B /* Resources */ = {
			isa = PBXResourcesBuildPhase;
			buildActionMask = 2147483647;
			files = (
				F78D787B1AAE29C5008B362B /* Main.storyboard in Resources */,
				F78D78801AAE29C5008B362B /* LaunchScreen.xib in Resources */,
				F78D787D1AAE29C5008B362B /* Images.xcassets in Resources */,
				F7E005FC1AB50BC9008A3445 /* centralSouth.png in Resources */,
			);
			runOnlyForDeploymentPostprocessing = 0;
		};
		F78D78831AAE29C5008B362B /* Resources */ = {
			isa = PBXResourcesBuildPhase;
			buildActionMask = 2147483647;
			files = (
			);
			runOnlyForDeploymentPostprocessing = 0;
		};
/* End PBXResourcesBuildPhase section */

/* Begin PBXSourcesBuildPhase section */
		F78D786C1AAE29C5008B362B /* Sources */ = {
			isa = PBXSourcesBuildPhase;
			buildActionMask = 2147483647;
			files = (
				F78D78781AAE29C5008B362B /* ViewController.swift in Sources */,
				F763F61B1AAF649200C9D0E4 /* TableViewController.swift in Sources */,
				F74A3B841AB2508A00FF3FBF /* ChaptersViewController.swift in Sources */,
				F74A3B861AB2891200FF3FBF /* ChapterDetailViewController.swift in Sources */,
				F78D78761AAE29C5008B362B /* AppDelegate.swift in Sources */,
				F7EB5A291AAFBFFC003A847E /* StateViewController.swift in Sources */,
			);
			runOnlyForDeploymentPostprocessing = 0;
		};
		F78D78811AAE29C5008B362B /* Sources */ = {
			isa = PBXSourcesBuildPhase;
			buildActionMask = 2147483647;
			files = (
				F78D788C1AAE29C5008B362B /* MyNSAChapterTests.swift in Sources */,
			);
			runOnlyForDeploymentPostprocessing = 0;
		};
/* End PBXSourcesBuildPhase section */

/* Begin PBXTargetDependency section */
		F78D78871AAE29C5008B362B /* PBXTargetDependency */ = {
			isa = PBXTargetDependency;
			target = F78D786F1AAE29C5008B362B /* MyNSAChapter */;
			targetProxy = F78D78861AAE29C5008B362B /* PBXContainerItemProxy */;
		};
/* End PBXTargetDependency section */

/* Begin PBXVariantGroup section */
		F78D78791AAE29C5008B362B /* Main.storyboard */ = {
			isa = PBXVariantGroup;
			children = (
				F78D787A1AAE29C5008B362B /* Base */,
			);
			name = Main.storyboard;
			sourceTree = "<group>";
		};
		F78D787E1AAE29C5008B362B /* LaunchScreen.xib */ = {
			isa = PBXVariantGroup;
			children = (
				F78D787F1AAE29C5008B362B /* Base */,
			);
			name = LaunchScreen.xib;
			sourceTree = "<group>";
		};
/* End PBXVariantGroup section */

/* Begin XCBuildConfiguration section */
		F78D788D1AAE29C5008B362B /* Debug */ = {
			isa = XCBuildConfiguration;
			buildSettings = {
				ALWAYS_SEARCH_USER_PATHS = NO;
				CLANG_CXX_LANGUAGE_STANDARD = "gnu++0x";
				CLANG_CXX_LIBRARY = "libc++";
				CLANG_ENABLE_MODULES = YES;
				CLANG_ENABLE_OBJC_ARC = YES;
				CLANG_WARN_BOOL_CONVERSION = YES;
				CLANG_WARN_CONSTANT_CONVERSION = YES;
				CLANG_WARN_DIRECT_OBJC_ISA_USAGE = YES_ERROR;
				CLANG_WARN_EMPTY_BODY = YES;
				CLANG_WARN_ENUM_CONVERSION = YES;
				CLANG_WARN_INT_CONVERSION = YES;
				CLANG_WARN_OBJC_ROOT_CLASS = YES_ERROR;
				CLANG_WARN_UNREACHABLE_CODE = YES;
				CLANG_WARN__DUPLICATE_METHOD_MATCH = YES;
				"CODE_SIGN_IDENTITY[sdk=iphoneos*]" = "iPhone Developer";
				COPY_PHASE_STRIP = NO;
				ENABLE_STRICT_OBJC_MSGSEND = YES;
				GCC_C_LANGUAGE_STANDARD = gnu99;
				GCC_DYNAMIC_NO_PIC = NO;
				GCC_OPTIMIZATION_LEVEL = 0;
				GCC_PREPROCESSOR_DEFINITIONS = (
					"DEBUG=1",
					"$(inherited)",
				);
				GCC_SYMBOLS_PRIVATE_EXTERN = NO;
				GCC_WARN_64_TO_32_BIT_CONVERSION = YES;
				GCC_WARN_ABOUT_RETURN_TYPE = YES_ERROR;
				GCC_WARN_UNDECLARED_SELECTOR = YES;
				GCC_WARN_UNINITIALIZED_AUTOS = YES_AGGRESSIVE;
				GCC_WARN_UNUSED_FUNCTION = YES;
				GCC_WARN_UNUSED_VARIABLE = YES;
				IPHONEOS_DEPLOYMENT_TARGET = 7.0;
				MTL_ENABLE_DEBUG_INFO = YES;
				ONLY_ACTIVE_ARCH = YES;
				SDKROOT = iphoneos;
				SWIFT_OPTIMIZATION_LEVEL = "-Onone";
				TARGETED_DEVICE_FAMILY = "1,2";
			};
			name = Debug;
		};
		F78D788E1AAE29C5008B362B /* Release */ = {
			isa = XCBuildConfiguration;
			buildSettings = {
				ALWAYS_SEARCH_USER_PATHS = NO;
				CLANG_CXX_LANGUAGE_STANDARD = "gnu++0x";
				CLANG_CXX_LIBRARY = "libc++";
				CLANG_ENABLE_MODULES = YES;
				CLANG_ENABLE_OBJC_ARC = YES;
				CLANG_WARN_BOOL_CONVERSION = YES;
				CLANG_WARN_CONSTANT_CONVERSION = YES;
				CLANG_WARN_DIRECT_OBJC_ISA_USAGE = YES_ERROR;
				CLANG_WARN_EMPTY_BODY = YES;
				CLANG_WARN_ENUM_CONVERSION = YES;
				CLANG_WARN_INT_CONVERSION = YES;
				CLANG_WARN_OBJC_ROOT_CLASS = YES_ERROR;
				CLANG_WARN_UNREACHABLE_CODE = YES;
				CLANG_WARN__DUPLICATE_METHOD_MATCH = YES;
				"CODE_SIGN_IDENTITY[sdk=iphoneos*]" = "iPhone Developer";
				COPY_PHASE_STRIP = YES;
				ENABLE_NS_ASSERTIONS = NO;
				ENABLE_STRICT_OBJC_MSGSEND = YES;
				GCC_C_LANGUAGE_STANDARD = gnu99;
				GCC_WARN_64_TO_32_BIT_CONVERSION = YES;
				GCC_WARN_ABOUT_RETURN_TYPE = YES_ERROR;
				GCC_WARN_UNDECLARED_SELECTOR = YES;
				GCC_WARN_UNINITIALIZED_AUTOS = YES_AGGRESSIVE;
				GCC_WARN_UNUSED_FUNCTION = YES;
				GCC_WARN_UNUSED_VARIABLE = YES;
				IPHONEOS_DEPLOYMENT_TARGET = 7.0;
				MTL_ENABLE_DEBUG_INFO = NO;
				SDKROOT = iphoneos;
				TARGETED_DEVICE_FAMILY = "1,2";
				VALIDATE_PRODUCT = YES;
			};
			name = Release;
		};
		F78D78901AAE29C5008B362B /* Debug */ = {
			isa = XCBuildConfiguration;
			buildSettings = {
				ASSETCATALOG_COMPILER_APPICON_NAME = AppIcon;
				COPY_PHASE_STRIP = NO;
				FRAMEWORK_SEARCH_PATHS = (
					"$(inherited)",
					"$(PROJECT_DIR)/parse-library-1.6.4",
					"$(PROJECT_DIR)",
				);
				INFOPLIST_FILE = MyNSAChapter/Info.plist;
				IPHONEOS_DEPLOYMENT_TARGET = 8.0;
				LD_RUNPATH_SEARCH_PATHS = "$(inherited) @executable_path/Frameworks";
				PRODUCT_NAME = "$(TARGET_NAME)";
			};
			name = Debug;
		};
		F78D78911AAE29C5008B362B /* Release */ = {
			isa = XCBuildConfiguration;
			buildSettings = {
				ASSETCATALOG_COMPILER_APPICON_NAME = AppIcon;
				COPY_PHASE_STRIP = NO;
				FRAMEWORK_SEARCH_PATHS = (
					"$(inherited)",
					"$(PROJECT_DIR)/parse-library-1.6.4",
					"$(PROJECT_DIR)",
				);
				INFOPLIST_FILE = MyNSAChapter/Info.plist;
				IPHONEOS_DEPLOYMENT_TARGET = 8.0;
				LD_RUNPATH_SEARCH_PATHS = "$(inherited) @executable_path/Frameworks";
				PRODUCT_NAME = "$(TARGET_NAME)";
			};
			name = Release;
		};
		F78D78931AAE29C5008B362B /* Debug */ = {
			isa = XCBuildConfiguration;
			buildSettings = {
				BUNDLE_LOADER = "$(TEST_HOST)";
				FRAMEWORK_SEARCH_PATHS = (
					"$(SDKROOT)/Developer/Library/Frameworks",
					"$(inherited)",
				);
				GCC_PREPROCESSOR_DEFINITIONS = (
					"DEBUG=1",
					"$(inherited)",
				);
				INFOPLIST_FILE = MyNSAChapterTests/Info.plist;
				LD_RUNPATH_SEARCH_PATHS = "$(inherited) @executable_path/Frameworks @loader_path/Frameworks";
				PRODUCT_NAME = "$(TARGET_NAME)";
				TEST_HOST = "$(BUILT_PRODUCTS_DIR)/MyNSAChapter.app/MyNSAChapter";
			};
			name = Debug;
		};
		F78D78941AAE29C5008B362B /* Release */ = {
			isa = XCBuildConfiguration;
			buildSettings = {
				BUNDLE_LOADER = "$(TEST_HOST)";
				FRAMEWORK_SEARCH_PATHS = (
					"$(SDKROOT)/Developer/Library/Frameworks",
					"$(inherited)",
				);
				INFOPLIST_FILE = MyNSAChapterTests/Info.plist;
				LD_RUNPATH_SEARCH_PATHS = "$(inherited) @executable_path/Frameworks @loader_path/Frameworks";
				PRODUCT_NAME = "$(TARGET_NAME)";
				TEST_HOST = "$(BUILT_PRODUCTS_DIR)/MyNSAChapter.app/MyNSAChapter";
			};
			name = Release;
		};
/* End XCBuildConfiguration section */

/* Begin XCConfigurationList section */
		F78D786B1AAE29C5008B362B /* Build configuration list for PBXProject "MyNSAChapter" */ = {
			isa = XCConfigurationList;
			buildConfigurations = (
				F78D788D1AAE29C5008B362B /* Debug */,
				F78D788E1AAE29C5008B362B /* Release */,
			);
			defaultConfigurationIsVisible = 0;
			defaultConfigurationName = Release;
		};
		F78D788F1AAE29C5008B362B /* Build configuration list for PBXNativeTarget "MyNSAChapter" */ = {
			isa = XCConfigurationList;
			buildConfigurations = (
				F78D78901AAE29C5008B362B /* Debug */,
				F78D78911AAE29C5008B362B /* Release */,
			);
			defaultConfigurationIsVisible = 0;
			defaultConfigurationName = Release;
		};
		F78D78921AAE29C5008B362B /* Build configuration list for PBXNativeTarget "MyNSAChapterTests" */ = {
			isa = XCConfigurationList;
			buildConfigurations = (
				F78D78931AAE29C5008B362B /* Debug */,
				F78D78941AAE29C5008B362B /* Release */,
			);
			defaultConfigurationIsVisible = 0;
			defaultConfigurationName = Release;
		};
/* End XCConfigurationList section */
	};
	rootObject = F78D78681AAE29C5008B362B /* Project object */;
}
